
Microsoft Visual Studio Solution File, Format Version 12.00
# Visual Studio Version 17
VisualStudioVersion = 17.4.33103.184
MinimumVisualStudioVersion = 10.0.40219.1
Project("{FAE04EC0-301F-11D3-BF4B-00C04F79EFBC}") = "Algorithms", "Algoritms\Algorithms.csproj", "{08E9BC59-033B-411F-B1C1-D909DCE3011C}"
EndProject
Global
	GlobalSection(SolutionConfigurationPlatforms) = preSolution
		Debug|Any CPU = Debug|Any CPU
		Release|Any CPU = Release|Any CPU
	EndGlobalSection
	GlobalSection(ProjectConfigurationPlatforms) = postSolution
		{08E9BC59-033B-411F-B1C1-D909DCE3011C}.Debug|Any CPU.ActiveCfg = Debug|Any CPU
		{08E9BC59-033B-411F-B1C1-D909DCE3011C}.Debug|Any CPU.Build.0 = Debug|Any CPU
		{08E9BC59-033B-411F-B1C1-D909DCE3011C}.Release|Any CPU.ActiveCfg = Release|Any CPU
		{08E9BC59-033B-411F-B1C1-D909DCE3011C}.Release|Any CPU.Build.0 = Release|Any CPU
	EndGlobalSection
	GlobalSection(SolutionProperties) = preSolution
		HideSolutionNode = FALSE
	EndGlobalSection
	GlobalSection(ExtensibilityGlobals) = postSolution
		SolutionGuid = {43F00B59-605D-4107-B4C6-459C74184905}
	EndGlobalSection
EndGlobal
